
Microsoft Visual Studio Solution File, Format Version 12.00
# Visual Studio Version 17
VisualStudioVersion = 17.9.34714.143
MinimumVisualStudioVersion = 10.0.40219.1
Project("{FAE04EC0-301F-11D3-BF4B-00C04F79EFBC}") = "StringExtensionsLibrary", "StringExtensionsLibrary\StringExtensionsLibrary.csproj", "{D95CE48F-1133-4670-A389-B879D3E98248}"
EndProject
Project("{FAE04EC0-301F-11D3-BF4B-00C04F79EFBC}") = "TestStringExtensions", "TestStringExtensions\TestStringExtensions.csproj", "{EC2D0BA4-300A-412F-95AD-3EFD968D0414}"
EndProject
Global
	GlobalSection(SolutionConfigurationPlatforms) = preSolution
		Debug|Any CPU = Debug|Any CPU
		Release|Any CPU = Release|Any CPU
	EndGlobalSection
	GlobalSection(ProjectConfigurationPlatforms) = postSolution
		{D95CE48F-1133-4670-A389-B879D3E98248}.Debug|Any CPU.ActiveCfg = Debug|Any CPU
		{D95CE48F-1133-4670-A389-B879D3E98248}.Debug|Any CPU.Build.0 = Debug|Any CPU
		{D95CE48F-1133-4670-A389-B879D3E98248}.Release|Any CPU.ActiveCfg = Release|Any CPU
		{D95CE48F-1133-4670-A389-B879D3E98248}.Release|Any CPU.Build.0 = Release|Any CPU
		{EC2D0BA4-300A-412F-95AD-3EFD968D0414}.Debug|Any CPU.ActiveCfg = Debug|Any CPU
		{EC2D0BA4-300A-412F-95AD-3EFD968D0414}.Debug|Any CPU.Build.0 = Debug|Any CPU
		{EC2D0BA4-300A-412F-95AD-3EFD968D0414}.Release|Any CPU.ActiveCfg = Release|Any CPU
		{EC2D0BA4-300A-412F-95AD-3EFD968D0414}.Release|Any CPU.Build.0 = Release|Any CPU
	EndGlobalSection
	GlobalSection(SolutionProperties) = preSolution
		HideSolutionNode = FALSE
	EndGlobalSection
	GlobalSection(ExtensibilityGlobals) = postSolution
		SolutionGuid = {D57BC81B-C917-42C4-8B5C-E517941B601F}
	EndGlobalSection
EndGlobal
